{
  "name": "@bitnormous/business-sdk-monorepo",
  "version": "0.0.0",
  "lockfileVersion": 3,
  "requires": true,
  "packages": {
    "": {
      "name": "@bitnormous/business-sdk-monorepo",
      "version": "0.0.0",
      "workspaces": [
        "packages/*"
      ],
      "devDependencies": {
        "@types/node": "^24.12.3",
        "typescript": "^6.0.2"
      },
      "engines": {
        "node": ">=18"
      }
    },
    "node_modules/@bitnormous/business-core": {
      "resolved": "packages/core",
      "link": true
    },
    "node_modules/@bitnormous/business-node": {
      "resolved": "packages/node",
      "link": true
    },
    "node_modules/@bitnormous/business-react": {
      "resolved": "packages/react",
      "link": true
    },
    "node_modules/@bitnormous/business-sdk": {
      "resolved": "packages/sdk",
      "link": true
    },
    "node_modules/@types/node": {
      "version": "24.13.5",
      "resolved": "https://registry.npmjs.org/@types/node/-/node-24.13.5.tgz",
      "integrity": "sha512-TXyindR+lBr22aJIdMQzCFHPHR6cR4js838mRDCSz5hOKWZvZwsXSSiXDmjRj4iJmgl+sR9O+1mkoVBSMadNug==",
      "dev": true,
      "license": "MIT",
      "dependencies": {
        "undici-types": "~7.18.0"
      }
    },
    "node_modules/@types/react": {
      "version": "19.3.0",
      "resolved": "https://registry.npmjs.org/@types/react/-/react-19.3.0.tgz",
      "integrity": "sha512-N0rFCuH9YoxG9/m61l9MfpJKfmLOVU0em7ipIz6TRgSSkvReLB9vL85GB+yr8Bs5leqpvg96JSwF4ZS1s4viQg==",
      "dev": true,
      "license": "MIT",
      "dependencies": {
        "csstype": "^3.2.2"
      }
    },
    "node_modules/csstype": {
      "version": "3.2.3",
      "resolved": "https://registry.npmjs.org/csstype/-/csstype-3.2.3.tgz",
      "integrity": "sha512-z1HGKcYy2xA8AGQfwrn0PAy+PB7X/GSj3UVJW9qKyn43xWa+gl5nXmU4qqLMRzWVLFC8KusUX8T/0kCiOYpAIQ==",
      "dev": true,
      "license": "MIT"
    },
    "node_modules/react": {
      "version": "19.3.0",
      "resolved": "https://registry.npmjs.org/react/-/react-19.3.0.tgz",
      "integrity": "sha512-E8LUcbtBWt20bbl2YoHfx4ZDBdxVTfOKtCZn9cDSJ4l6/nuoApcpIBcj47t2wZoVX8g2ZHuMHbiShgCR1T5Sog==",
      "dev": true,
      "license": "MIT",
      "engines": {
        "node": ">=0.10.0"
      }
    },
    "node_modules/typescript": {
      "version": "6.0.3",
      "resolved": "https://registry.npmjs.org/typescript/-/typescript-6.0.3.tgz",
      "integrity": "sha512-y2TvuxSZPDyQakkFRPZHKFm+KKVqIisdg9/CZwm9ftvKXLP8NRWj38/ODjNbr43SsoXqNuAisEf1GdCxqWcdBw==",
      "dev": true,
      "license": "Apache-2.0",
      "bin": {
        "tsc": "bin/tsc",
        "tsserver": "bin/tsserver"
      },
      "engines": {
        "node": ">=14.17"
      }
    },
    "node_modules/undici-types": {
      "version": "7.18.2",
      "resolved": "https://registry.npmjs.org/undici-types/-/undici-types-7.18.2.tgz",
      "integrity": "sha512-AsuCzffGHJybSaRrmr5eHr81mwJU3kjw6M+uprWvCXiNeN9SOGwQ3Jn8jb8m3Z6izVgknn1R0FTCEAP2QrLY/w==",
      "dev": true,
      "license": "MIT"
    },
    "packages/core": {
      "name": "@bitnormous/business-core",
      "version": "1.0.0",
      "license": "MIT",
      "engines": {
        "node": ">=18"
      }
    },
    "packages/node": {
      "name": "@bitnormous/business-node",
      "version": "1.0.0",
      "license": "MIT",
      "dependencies": {
        "@bitnormous/business-core": "1.0.0"
      },
      "engines": {
        "node": ">=18"
      }
    },
    "packages/react": {
      "name": "@bitnormous/business-react",
      "version": "1.0.0",
      "license": "MIT",
      "dependencies": {
        "@bitnormous/business-core": "1.0.0",
        "@bitnormous/business-sdk": "1.0.0"
      },
      "devDependencies": {
        "@types/react": "^19.2.14",
        "react": "^19.2.6"
      },
      "peerDependencies": {
        "react": ">=18"
      }
    },
    "packages/sdk": {
      "name": "@bitnormous/business-sdk",
      "version": "1.0.0",
      "license": "MIT",
      "dependencies": {
        "@bitnormous/business-core": "1.0.0"
      }
    }
  }
}
